// !$*UTF8*$!
{
	archiveVersion = 1;
	classes = {
	};
	objectVersion = 77;
	objects = {

/* Begin PBXBuildFile section */
		1423DF3C2D341D9100837B17 /* HabitViewModel.swift in Sources */ = {isa = PBXBuildFile; fileRef = 1423DF3B2D341D9100837B17 /* HabitViewModel.swift */; };
		1423DF402D34226800837B17 /* FloatingButton.swift in Sources */ = {isa = PBXBuildFile; fileRef = 1423DF3F2D34226800837B17 /* FloatingButton.swift */; };
		1423DF422D343D1600837B17 /* TodayProgressHeaderView.swift in Sources */ = {isa = PBXBuildFile; fileRef = 1423DF412D343D1600837B17 /* TodayProgressHeaderView.swift */; };
		1423DF442D34486A00837B17 /* DataPersistenceManager.swift in Sources */ = {isa = PBXBuildFile; fileRef = 1423DF432D34486A00837B17 /* DataPersistenceManager.swift */; };
		1423DF462D344DE500837B17 /* HabitData.swift in Sources */ = {isa = PBXBuildFile; fileRef = 1423DF452D344DE500837B17 /* HabitData.swift */; };
		1423DF4B2D349C9F00837B17 /* CSFilledButton.swift in Sources */ = {isa = PBXBuildFile; fileRef = 1423DF4A2D349C9F00837B17 /* CSFilledButton.swift */; };
		1423DF4D2D349D0100837B17 /* AddHabitView.swift in Sources */ = {isa = PBXBuildFile; fileRef = 1423DF4C2D349D0100837B17 /* AddHabitView.swift */; };
		1423DF502D34CC4A00837B17 /* String+Ext.swift in Sources */ = {isa = PBXBuildFile; fileRef = 1423DF4F2D34CC4A00837B17 /* String+Ext.swift */; };
		1423DF532D34E5D700837B17 /* HabitProgressView.swift in Sources */ = {isa = PBXBuildFile; fileRef = 1423DF522D34E5D700837B17 /* HabitProgressView.swift */; };
		1423DF572D34FAB900837B17 /* HabitsListView.swift in Sources */ = {isa = PBXBuildFile; fileRef = 1423DF562D34FAB900837B17 /* HabitsListView.swift */; };
		1423DF592D34FB7700837B17 /* EmptyHabitsView.swift in Sources */ = {isa = PBXBuildFile; fileRef = 1423DF582D34FB7700837B17 /* EmptyHabitsView.swift */; };
		1423DF5B2D35294E00837B17 /* DismissButton.swift in Sources */ = {isa = PBXBuildFile; fileRef = 1423DF5A2D35294E00837B17 /* DismissButton.swift */; };
		1423DF662D35681600837B17 /* README.md in Resources */ = {isa = PBXBuildFile; fileRef = 1423DF652D35681600837B17 /* README.md */; };
		148E52FD2D3347190034581B /* AuthViewModel.swift in Sources */ = {isa = PBXBuildFile; fileRef = 148E52FC2D3347190034581B /* AuthViewModel.swift */; };
		148E52FF2D3347300034581B /* UserData.swift in Sources */ = {isa = PBXBuildFile; fileRef = 148E52FE2D3347300034581B /* UserData.swift */; };
		148E53022D3347470034581B /* AuthenticationManager.swift in Sources */ = {isa = PBXBuildFile; fileRef = 148E53012D3347470034581B /* AuthenticationManager.swift */; };
		148E53042D3348070034581B /* AuthenticationView.swift in Sources */ = {isa = PBXBuildFile; fileRef = 148E53032D3348070034581B /* AuthenticationView.swift */; };
		148E53062D3348270034581B /* LogInView.swift in Sources */ = {isa = PBXBuildFile; fileRef = 148E53052D3348270034581B /* LogInView.swift */; };
		148E53082D3348310034581B /* SignUpView.swift in Sources */ = {isa = PBXBuildFile; fileRef = 148E53072D3348310034581B /* SignUpView.swift */; };
		148E530D2D33489D0034581B /* CSInputField.swift in Sources */ = {isa = PBXBuildFile; fileRef = 148E530C2D33489D0034581B /* CSInputField.swift */; };
		148E530F2D3348E00034581B /* HabitsView.swift in Sources */ = {isa = PBXBuildFile; fileRef = 148E530E2D3348E00034581B /* HabitsView.swift */; };
		148E53122D334FBB0034581B /* Secrets.xcconfig in Resources */ = {isa = PBXBuildFile; fileRef = 148E53112D334FBB0034581B /* Secrets.xcconfig */; };
		14FB6B072D333462001BB5FB /* Preview Assets.xcassets in Resources */ = {isa = PBXBuildFile; fileRef = 14FB6B012D333462001BB5FB /* Preview Assets.xcassets */; };
		14FB6B0A2D333462001BB5FB /* HabitTrackerApp.swift in Sources */ = {isa = PBXBuildFile; fileRef = 14FB6B052D333462001BB5FB /* HabitTrackerApp.swift */; };
		14FB6B142D333490001BB5FB /* Assets.xcassets in Resources */ = {isa = PBXBuildFile; fileRef = 14FB6B112D333490001BB5FB /* Assets.xcassets */; };
		14FB6B162D333490001BB5FB /* MainView.swift in Sources */ = {isa = PBXBuildFile; fileRef = 14FB6B0B2D333490001BB5FB /* MainView.swift */; };
		14FB6B192D3335B5001BB5FB /* GoogleService-Info.plist in Resources */ = {isa = PBXBuildFile; fileRef = 14FB6B182D3335B5001BB5FB /* GoogleService-Info.plist */; };
		39E64FB454B913B7AE9CC563 /* Pods_HabitTracker.framework in Frameworks */ = {isa = PBXBuildFile; fileRef = 4DC98377CC6D2621DC3FC8C5 /* Pods_HabitTracker.framework */; };
/* End PBXBuildFile section */

/* Begin PBXFileReference section */
		1423DF3B2D341D9100837B17 /* HabitViewModel.swift */ = {isa = PBXFileReference; lastKnownFileType = sourcecode.swift; path = HabitViewModel.swift; sourceTree = "<group>"; };
		1423DF3F2D34226800837B17 /* FloatingButton.swift */ = {isa = PBXFileReference; lastKnownFileType = sourcecode.swift; path = FloatingButton.swift; sourceTree = "<group>"; };
		1423DF412D343D1600837B17 /* TodayProgressHeaderView.swift */ = {isa = PBXFileReference; lastKnownFileType = sourcecode.swift; path = TodayProgressHeaderView.swift; sourceTree = "<group>"; };
		1423DF432D34486A00837B17 /* DataPersistenceManager.swift */ = {isa = PBXFileReference; lastKnownFileType = sourcecode.swift; path = DataPersistenceManager.swift; sourceTree = "<group>"; };
		1423DF452D344DE500837B17 /* HabitData.swift */ = {isa = PBXFileReference; lastKnownFileType = sourcecode.swift; path = HabitData.swift; sourceTree = "<group>"; };
		1423DF4A2D349C9F00837B17 /* CSFilledButton.swift */ = {isa = PBXFileReference; lastKnownFileType = sourcecode.swift; path = CSFilledButton.swift; sourceTree = "<group>"; };
		1423DF4C2D349D0100837B17 /* AddHabitView.swift */ = {isa = PBXFileReference; lastKnownFileType = sourcecode.swift; path = AddHabitView.swift; sourceTree = "<group>"; };
		1423DF4F2D34CC4A00837B17 /* String+Ext.swift */ = {isa = PBXFileReference; lastKnownFileType = sourcecode.swift; path = "String+Ext.swift"; sourceTree = "<group>"; };
		1423DF522D34E5D700837B17 /* HabitProgressView.swift */ = {isa = PBXFileReference; lastKnownFileType = sourcecode.swift; path = HabitProgressView.swift; sourceTree = "<group>"; };
		1423DF562D34FAB900837B17 /* HabitsListView.swift */ = {isa = PBXFileReference; lastKnownFileType = sourcecode.swift; path = HabitsListView.swift; sourceTree = "<group>"; };
		1423DF582D34FB7700837B17 /* EmptyHabitsView.swift */ = {isa = PBXFileReference; lastKnownFileType = sourcecode.swift; path = EmptyHabitsView.swift; sourceTree = "<group>"; };
		1423DF5A2D35294E00837B17 /* DismissButton.swift */ = {isa = PBXFileReference; lastKnownFileType = sourcecode.swift; path = DismissButton.swift; sourceTree = "<group>"; };
		1423DF652D35681600837B17 /* README.md */ = {isa = PBXFileReference; lastKnownFileType = net.daringfireball.markdown; path = README.md; sourceTree = "<group>"; };
		148E52FC2D3347190034581B /* AuthViewModel.swift */ = {isa = PBXFileReference; lastKnownFileType = sourcecode.swift; path = AuthViewModel.swift; sourceTree = "<group>"; };
		148E52FE2D3347300034581B /* UserData.swift */ = {isa = PBXFileReference; lastKnownFileType = sourcecode.swift; path = UserData.swift; sourceTree = "<group>"; };
		148E53012D3347470034581B /* AuthenticationManager.swift */ = {isa = PBXFileReference; lastKnownFileType = sourcecode.swift; path = AuthenticationManager.swift; sourceTree = "<group>"; };
		148E53032D3348070034581B /* AuthenticationView.swift */ = {isa = PBXFileReference; lastKnownFileType = sourcecode.swift; path = AuthenticationView.swift; sourceTree = "<group>"; };
		148E53052D3348270034581B /* LogInView.swift */ = {isa = PBXFileReference; lastKnownFileType = sourcecode.swift; path = LogInView.swift; sourceTree = "<group>"; };
		148E53072D3348310034581B /* SignUpView.swift */ = {isa = PBXFileReference; lastKnownFileType = sourcecode.swift; path = SignUpView.swift; sourceTree = "<group>"; };
		148E530C2D33489D0034581B /* CSInputField.swift */ = {isa = PBXFileReference; lastKnownFileType = sourcecode.swift; path = CSInputField.swift; sourceTree = "<group>"; };
		148E530E2D3348E00034581B /* HabitsView.swift */ = {isa = PBXFileReference; lastKnownFileType = sourcecode.swift; path = HabitsView.swift; sourceTree = "<group>"; };
		148E53112D334FBB0034581B /* Secrets.xcconfig */ = {isa = PBXFileReference; lastKnownFileType = text.xcconfig; path = Secrets.xcconfig; sourceTree = "<group>"; };
		14FB6AF02D333450001BB5FB /* HabitTracker.app */ = {isa = PBXFileReference; explicitFileType = wrapper.application; includeInIndex = 0; path = HabitTracker.app; sourceTree = BUILT_PRODUCTS_DIR; };
		14FB6B012D333462001BB5FB /* Preview Assets.xcassets */ = {isa = PBXFileReference; lastKnownFileType = folder.assetcatalog; path = "Preview Assets.xcassets"; sourceTree = "<group>"; };
		14FB6B052D333462001BB5FB /* HabitTrackerApp.swift */ = {isa = PBXFileReference; lastKnownFileType = sourcecode.swift; path = HabitTrackerApp.swift; sourceTree = "<group>"; };
		14FB6B0B2D333490001BB5FB /* MainView.swift */ = {isa = PBXFileReference; lastKnownFileType = sourcecode.swift; path = MainView.swift; sourceTree = "<group>"; };
		14FB6B112D333490001BB5FB /* Assets.xcassets */ = {isa = PBXFileReference; lastKnownFileType = folder.assetcatalog; path = Assets.xcassets; sourceTree = "<group>"; };
		14FB6B182D3335B5001BB5FB /* GoogleService-Info.plist */ = {isa = PBXFileReference; lastKnownFileType = text.plist.xml; path = "GoogleService-Info.plist"; sourceTree = "<group>"; };
		4DC98377CC6D2621DC3FC8C5 /* Pods_HabitTracker.framework */ = {isa = PBXFileReference; explicitFileType = wrapper.framework; includeInIndex = 0; path = Pods_HabitTracker.framework; sourceTree = BUILT_PRODUCTS_DIR; };
		4F4CFCD9CAB03A7781937873 /* Pods-HabitTracker.release.xcconfig */ = {isa = PBXFileReference; includeInIndex = 1; lastKnownFileType = text.xcconfig; name = "Pods-HabitTracker.release.xcconfig"; path = "Target Support Files/Pods-HabitTracker/Pods-HabitTracker.release.xcconfig"; sourceTree = "<group>"; };
		CD564F14F196786DE4AE9A9C /* Pods-HabitTracker.debug.xcconfig */ = {isa = PBXFileReference; includeInIndex = 1; lastKnownFileType = text.xcconfig; name = "Pods-HabitTracker.debug.xcconfig"; path = "Target Support Files/Pods-HabitTracker/Pods-HabitTracker.debug.xcconfig"; sourceTree = "<group>"; };
/* End PBXFileReference section */

/* Begin PBXFileSystemSynchronizedRootGroup section */
		1423DF672D356E6300837B17 /* ScreenShots */ = {
			isa = PBXFileSystemSynchronizedRootGroup;
			path = ScreenShots;
			sourceTree = "<group>";
		};
/* End PBXFileSystemSynchronizedRootGroup section */

/* Begin PBXFrameworksBuildPhase section */
		14FB6AED2D333450001BB5FB /* Frameworks */ = {
			isa = PBXFrameworksBuildPhase;
			buildActionMask = 2147483647;
			files = (
				39E64FB454B913B7AE9CC563 /* Pods_HabitTracker.framework in Frameworks */,
			);
			runOnlyForDeploymentPostprocessing = 0;
		};
/* End PBXFrameworksBuildPhase section */

/* Begin PBXGroup section */
		1423DF4E2D34CC3500837B17 /* Helper */ = {
			isa = PBXGroup;
			children = (
				1423DF4F2D34CC4A00837B17 /* String+Ext.swift */,
			);
			path = Helper;
			sourceTree = "<group>";
		};
		1423DF512D34D43B00837B17 /* HabitViews */ = {
			isa = PBXGroup;
			children = (
				148E530E2D3348E00034581B /* HabitsView.swift */,
				1423DF562D34FAB900837B17 /* HabitsListView.swift */,
				1423DF522D34E5D700837B17 /* HabitProgressView.swift */,
				1423DF412D343D1600837B17 /* TodayProgressHeaderView.swift */,
				1423DF4C2D349D0100837B17 /* AddHabitView.swift */,
				1423DF582D34FB7700837B17 /* EmptyHabitsView.swift */,
			);
			path = HabitViews;
			sourceTree = "<group>";
		};
		148E52FA2D33464C0034581B /* ViewModels */ = {
			isa = PBXGroup;
			children = (
				148E52FC2D3347190034581B /* AuthViewModel.swift */,
				1423DF3B2D341D9100837B17 /* HabitViewModel.swift */,
			);
			path = ViewModels;
			sourceTree = "<group>";
		};
		148E52FB2D3346520034581B /* Models */ = {
			isa = PBXGroup;
			children = (
				148E52FE2D3347300034581B /* UserData.swift */,
				1423DF452D344DE500837B17 /* HabitData.swift */,
			);
			path = Models;
			sourceTree = "<group>";
		};
		148E53002D3347400034581B /* Managers */ = {
			isa = PBXGroup;
			children = (
				148E53012D3347470034581B /* AuthenticationManager.swift */,
				1423DF432D34486A00837B17 /* DataPersistenceManager.swift */,
			);
			path = Managers;
			sourceTree = "<group>";
		};
		148E53092D3348550034581B /* CustomViews */ = {
			isa = PBXGroup;
			children = (
				1423DF5A2D35294E00837B17 /* DismissButton.swift */,
				148E530C2D33489D0034581B /* CSInputField.swift */,
				1423DF4A2D349C9F00837B17 /* CSFilledButton.swift */,
				1423DF3F2D34226800837B17 /* FloatingButton.swift */,
			);
			path = CustomViews;
			sourceTree = "<group>";
		};
		148E53132D3351330034581B /* AuthenticationViews */ = {
			isa = PBXGroup;
			children = (
				148E53032D3348070034581B /* AuthenticationView.swift */,
				148E53052D3348270034581B /* LogInView.swift */,
				148E53072D3348310034581B /* SignUpView.swift */,
			);
			path = AuthenticationViews;
			sourceTree = "<group>";
		};
		14FB6AE72D33344F001BB5FB = {
			isa = PBXGroup;
			children = (
				1423DF652D35681600837B17 /* README.md */,
				1423DF672D356E6300837B17 /* ScreenShots */,
				14FB6B062D333462001BB5FB /* HabitTracker */,
				14FB6AF12D333450001BB5FB /* Products */,
				A1731A5A011752BD8C7542D8 /* Pods */,
				BF7490F540BE61DE0005F804 /* Frameworks */,
			);
			sourceTree = "<group>";
		};
		14FB6AF12D333450001BB5FB /* Products */ = {
			isa = PBXGroup;
			children = (
				14FB6AF02D333450001BB5FB /* HabitTracker.app */,
			);
			name = Products;
			sourceTree = "<group>";
		};
		14FB6B022D333462001BB5FB /* Preview Content */ = {
			isa = PBXGroup;
			children = (
				14FB6B012D333462001BB5FB /* Preview Assets.xcassets */,
			);
			path = "Preview Content";
			sourceTree = "<group>";
		};
		14FB6B062D333462001BB5FB /* HabitTracker */ = {
			isa = PBXGroup;
			children = (
				14FB6B052D333462001BB5FB /* HabitTrackerApp.swift */,
				148E53002D3347400034581B /* Managers */,
				14FB6B0C2D333490001BB5FB /* Views */,
				148E52FA2D33464C0034581B /* ViewModels */,
				148E52FB2D3346520034581B /* Models */,
				1423DF4E2D34CC3500837B17 /* Helper */,
				14FB6B122D333490001BB5FB /* Support */,
				14FB6B022D333462001BB5FB /* Preview Content */,
			);
			path = HabitTracker;
			sourceTree = "<group>";
		};
		14FB6B0C2D333490001BB5FB /* Views */ = {
			isa = PBXGroup;
			children = (
				14FB6B0B2D333490001BB5FB /* MainView.swift */,
				1423DF512D34D43B00837B17 /* HabitViews */,
				148E53132D3351330034581B /* AuthenticationViews */,
				148E53092D3348550034581B /* CustomViews */,
			);
			path = Views;
			sourceTree = "<group>";
		};
		14FB6B122D333490001BB5FB /* Support */ = {
			isa = PBXGroup;
			children = (
				14FB6B182D3335B5001BB5FB /* GoogleService-Info.plist */,
				148E53112D334FBB0034581B /* Secrets.xcconfig */,
				14FB6B112D333490001BB5FB /* Assets.xcassets */,
			);
			path = Support;
			sourceTree = "<group>";
		};
		A1731A5A011752BD8C7542D8 /* Pods */ = {
			isa = PBXGroup;
			children = (
				CD564F14F196786DE4AE9A9C /* Pods-HabitTracker.debug.xcconfig */,
				4F4CFCD9CAB03A7781937873 /* Pods-HabitTracker.release.xcconfig */,
			);
			path = Pods;
			sourceTree = "<group>";
		};
		BF7490F540BE61DE0005F804 /* Frameworks */ = {
			isa = PBXGroup;
			children = (
				4DC98377CC6D2621DC3FC8C5 /* Pods_HabitTracker.framework */,
			);
			name = Frameworks;
			sourceTree = "<group>";
		};
/* End PBXGroup section */

/* Begin PBXNativeTarget section */
		14FB6AEF2D333450001BB5FB /* HabitTracker */ = {
			isa = PBXNativeTarget;
			buildConfigurationList = 14FB6AFE2D333450001BB5FB /* Build configuration list for PBXNativeTarget "HabitTracker" */;
			buildPhases = (
				E51E37DA0FC80B4069C05497 /* [CP] Check Pods Manifest.lock */,
				14FB6AEC2D333450001BB5FB /* Sources */,
				14FB6AED2D333450001BB5FB /* Frameworks */,
				14FB6AEE2D333450001BB5FB /* Resources */,
				9BCF8D6C85A37E1FCD0A68A6 /* [CP] Embed Pods Frameworks */,
			);
			buildRules = (
			);
			dependencies = (
			);
			fileSystemSynchronizedGroups = (
				1423DF672D356E6300837B17 /* ScreenShots */,
			);
			name = HabitTracker;
			productName = HabitTracker;
			productReference = 14FB6AF02D333450001BB5FB /* HabitTracker.app */;
			productType = "com.apple.product-type.application";
		};
/* End PBXNativeTarget section */

/* Begin PBXProject section */
		14FB6AE82D33344F001BB5FB /* Project object */ = {
			isa = PBXProject;
			attributes = {
				BuildIndependentTargetsInParallel = 1;
				LastSwiftUpdateCheck = 1620;
				LastUpgradeCheck = 1620;
				TargetAttributes = {
					14FB6AEF2D333450001BB5FB = {
						CreatedOnToolsVersion = 16.2;
					};
				};
			};
			buildConfigurationList = 14FB6AEB2D33344F001BB5FB /* Build configuration list for PBXProject "HabitTracker" */;
			developmentRegion = en;
			hasScannedForEncodings = 0;
			knownRegions = (
				en,
				Base,
			);
			mainGroup = 14FB6AE72D33344F001BB5FB;
			minimizedProjectReferenceProxies = 1;
			preferredProjectObjectVersion = 77;
			productRefGroup = 14FB6AF12D333450001BB5FB /* Products */;
			projectDirPath = "";
			projectRoot = "";
			targets = (
				14FB6AEF2D333450001BB5FB /* HabitTracker */,
			);
		};
/* End PBXProject section */

/* Begin PBXResourcesBuildPhase section */
		14FB6AEE2D333450001BB5FB /* Resources */ = {
			isa = PBXResourcesBuildPhase;
			buildActionMask = 2147483647;
			files = (
				148E53122D334FBB0034581B /* Secrets.xcconfig in Resources */,
				14FB6B072D333462001BB5FB /* Preview Assets.xcassets in Resources */,
				1423DF662D35681600837B17 /* README.md in Resources */,
				14FB6B192D3335B5001BB5FB /* GoogleService-Info.plist in Resources */,
				14FB6B142D333490001BB5FB /* Assets.xcassets in Resources */,
			);
			runOnlyForDeploymentPostprocessing = 0;
		};
/* End PBXResourcesBuildPhase section */

/* Begin PBXShellScriptBuildPhase section */
		9BCF8D6C85A37E1FCD0A68A6 /* [CP] Embed Pods Frameworks */ = {
			isa = PBXShellScriptBuildPhase;
			buildActionMask = 2147483647;
			files = (
			);
			inputFileListPaths = (
				"${PODS_ROOT}/Target Support Files/Pods-HabitTracker/Pods-HabitTracker-frameworks-${CONFIGURATION}-input-files.xcfilelist",
			);
			name = "[CP] Embed Pods Frameworks";
			outputFileListPaths = (
				"${PODS_ROOT}/Target Support Files/Pods-HabitTracker/Pods-HabitTracker-frameworks-${CONFIGURATION}-output-files.xcfilelist",
			);
			runOnlyForDeploymentPostprocessing = 0;
			shellPath = /bin/sh;
			shellScript = "\"${PODS_ROOT}/Target Support Files/Pods-HabitTracker/Pods-HabitTracker-frameworks.sh\"\n";
			showEnvVarsInLog = 0;
		};
		E51E37DA0FC80B4069C05497 /* [CP] Check Pods Manifest.lock */ = {
			isa = PBXShellScriptBuildPhase;
			alwaysOutOfDate = 1;
			buildActionMask = 2147483647;
			files = (
			);
			inputFileListPaths = (
			);
			inputPaths = (
				"${PODS_PODFILE_DIR_PATH}/Podfile.lock",
				"${PODS_ROOT}/Manifest.lock",
			);
			name = "[CP] Check Pods Manifest.lock";
			outputFileListPaths = (
			);
			outputPaths = (
				"$(DERIVED_FILE_DIR)/Pods-HabitTracker-checkManifestLockResult.txt",
			);
			runOnlyForDeploymentPostprocessing = 0;
			shellPath = /bin/sh;
			shellScript = "diff \"${PODS_PODFILE_DIR_PATH}/Podfile.lock\" \"${PODS_ROOT}/Manifest.lock\" > /dev/null\nif [ $? != 0 ] ; then\n    # print error to STDERR\n    echo \"error: The sandbox is not in sync with the Podfile.lock. Run 'pod install' or update your CocoaPods installation.\" >&2\n    exit 1\nfi\n# This output is used by Xcode 'outputs' to avoid re-running this script phase.\necho \"SUCCESS\" > \"${SCRIPT_OUTPUT_FILE_0}\"\n";
			showEnvVarsInLog = 0;
		};
/* End PBXShellScriptBuildPhase section */

/* Begin PBXSourcesBuildPhase section */
		14FB6AEC2D333450001BB5FB /* Sources */ = {
			isa = PBXSourcesBuildPhase;
			buildActionMask = 2147483647;
			files = (
				1423DF502D34CC4A00837B17 /* String+Ext.swift in Sources */,
				14FB6B162D333490001BB5FB /* MainView.swift in Sources */,
				1423DF4B2D349C9F00837B17 /* CSFilledButton.swift in Sources */,
				148E530F2D3348E00034581B /* HabitsView.swift in Sources */,
				1423DF462D344DE500837B17 /* HabitData.swift in Sources */,
				1423DF572D34FAB900837B17 /* HabitsListView.swift in Sources */,
				148E53062D3348270034581B /* LogInView.swift in Sources */,
				1423DF442D34486A00837B17 /* DataPersistenceManager.swift in Sources */,
				1423DF402D34226800837B17 /* FloatingButton.swift in Sources */,
				1423DF592D34FB7700837B17 /* EmptyHabitsView.swift in Sources */,
				1423DF532D34E5D700837B17 /* HabitProgressView.swift in Sources */,
				14FB6B0A2D333462001BB5FB /* HabitTrackerApp.swift in Sources */,
				1423DF5B2D35294E00837B17 /* DismissButton.swift in Sources */,
				148E530D2D33489D0034581B /* CSInputField.swift in Sources */,
				1423DF3C2D341D9100837B17 /* HabitViewModel.swift in Sources */,
				148E52FF2D3347300034581B /* UserData.swift in Sources */,
				1423DF422D343D1600837B17 /* TodayProgressHeaderView.swift in Sources */,
				148E53082D3348310034581B /* SignUpView.swift in Sources */,
				148E53042D3348070034581B /* AuthenticationView.swift in Sources */,
				148E53022D3347470034581B /* AuthenticationManager.swift in Sources */,
				148E52FD2D3347190034581B /* AuthViewModel.swift in Sources */,
				1423DF4D2D349D0100837B17 /* AddHabitView.swift in Sources */,
			);
			runOnlyForDeploymentPostprocessing = 0;
		};
/* End PBXSourcesBuildPhase section */

/* Begin XCBuildConfiguration section */
		14FB6AFC2D333450001BB5FB /* Debug */ = {
			isa = XCBuildConfiguration;
			baseConfigurationReference = 148E53112D334FBB0034581B /* Secrets.xcconfig */;
			buildSettings = {
				ALWAYS_SEARCH_USER_PATHS = NO;
				ASSETCATALOG_COMPILER_GENERATE_SWIFT_ASSET_SYMBOL_EXTENSIONS = YES;
				CLANG_ANALYZER_NONNULL = YES;
				CLANG_ANALYZER_NUMBER_OBJECT_CONVERSION = YES_AGGRESSIVE;
				CLANG_CXX_LANGUAGE_STANDARD = "gnu++20";
				CLANG_ENABLE_MODULES = YES;
				CLANG_ENABLE_OBJC_ARC = YES;
				CLANG_ENABLE_OBJC_WEAK = YES;
				CLANG_WARN_BLOCK_CAPTURE_AUTORELEASING = YES;
				CLANG_WARN_BOOL_CONVERSION = YES;
				CLANG_WARN_COMMA = YES;
				CLANG_WARN_CONSTANT_CONVERSION = YES;
				CLANG_WARN_DEPRECATED_OBJC_IMPLEMENTATIONS = YES;
				CLANG_WARN_DIRECT_OBJC_ISA_USAGE = YES_ERROR;
				CLANG_WARN_DOCUMENTATION_COMMENTS = YES;
				CLANG_WARN_EMPTY_BODY = YES;
				CLANG_WARN_ENUM_CONVERSION = YES;
				CLANG_WARN_INFINITE_RECURSION = YES;
				CLANG_WARN_INT_CONVERSION = YES;
				CLANG_WARN_NON_LITERAL_NULL_CONVERSION = YES;
				CLANG_WARN_OBJC_IMPLICIT_RETAIN_SELF = YES;
				CLANG_WARN_OBJC_LITERAL_CONVERSION = YES;
				CLANG_WARN_OBJC_ROOT_CLASS = YES_ERROR;
				CLANG_WARN_QUOTED_INCLUDE_IN_FRAMEWORK_HEADER = YES;
				CLANG_WARN_RANGE_LOOP_ANALYSIS = YES;
				CLANG_WARN_STRICT_PROTOTYPES = YES;
				CLANG_WARN_SUSPICIOUS_MOVE = YES;
				CLANG_WARN_UNGUARDED_AVAILABILITY = YES_AGGRESSIVE;
				CLANG_WARN_UNREACHABLE_CODE = YES;
				CLANG_WARN__DUPLICATE_METHOD_MATCH = YES;
				COPY_PHASE_STRIP = NO;
				DEBUG_INFORMATION_FORMAT = dwarf;
				ENABLE_STRICT_OBJC_MSGSEND = YES;
				ENABLE_TESTABILITY = YES;
				ENABLE_USER_SCRIPT_SANDBOXING = NO;
				GCC_C_LANGUAGE_STANDARD = gnu17;
				GCC_DYNAMIC_NO_PIC = NO;
				GCC_NO_COMMON_BLOCKS = YES;
				GCC_OPTIMIZATION_LEVEL = 0;
				GCC_PREPROCESSOR_DEFINITIONS = (
					"DEBUG=1",
					"$(inherited)",
				);
				GCC_WARN_64_TO_32_BIT_CONVERSION = YES;
				GCC_WARN_ABOUT_RETURN_TYPE = YES_ERROR;
				GCC_WARN_UNDECLARED_SELECTOR = YES;
				GCC_WARN_UNINITIALIZED_AUTOS = YES_AGGRESSIVE;
				GCC_WARN_UNUSED_FUNCTION = YES;
				GCC_WARN_UNUSED_VARIABLE = YES;
				IPHONEOS_DEPLOYMENT_TARGET = 18.2;
				LOCALIZATION_PREFERS_STRING_CATALOGS = YES;
				MTL_ENABLE_DEBUG_INFO = INCLUDE_SOURCE;
				MTL_FAST_MATH = YES;
				ONLY_ACTIVE_ARCH = YES;
				SDKROOT = iphoneos;
				SWIFT_ACTIVE_COMPILATION_CONDITIONS = "DEBUG $(inherited)";
				SWIFT_OPTIMIZATION_LEVEL = "-Onone";
			};
			name = Debug;
		};
		14FB6AFD2D333450001BB5FB /* Release */ = {
			isa = XCBuildConfiguration;
			baseConfigurationReference = 148E53112D334FBB0034581B /* Secrets.xcconfig */;
			buildSettings = {
				ALWAYS_SEARCH_USER_PATHS = NO;
				ASSETCATALOG_COMPILER_GENERATE_SWIFT_ASSET_SYMBOL_EXTENSIONS = YES;
				CLANG_ANALYZER_NONNULL = YES;
				CLANG_ANALYZER_NUMBER_OBJECT_CONVERSION = YES_AGGRESSIVE;
				CLANG_CXX_LANGUAGE_STANDARD = "gnu++20";
				CLANG_ENABLE_MODULES = YES;
				CLANG_ENABLE_OBJC_ARC = YES;
				CLANG_ENABLE_OBJC_WEAK = YES;
				CLANG_WARN_BLOCK_CAPTURE_AUTORELEASING = YES;
				CLANG_WARN_BOOL_CONVERSION = YES;
				CLANG_WARN_COMMA = YES;
				CLANG_WARN_CONSTANT_CONVERSION = YES;
				CLANG_WARN_DEPRECATED_OBJC_IMPLEMENTATIONS = YES;
				CLANG_WARN_DIRECT_OBJC_ISA_USAGE = YES_ERROR;
				CLANG_WARN_DOCUMENTATION_COMMENTS = YES;
				CLANG_WARN_EMPTY_BODY = YES;
				CLANG_WARN_ENUM_CONVERSION = YES;
				CLANG_WARN_INFINITE_RECURSION = YES;
				CLANG_WARN_INT_CONVERSION = YES;
				CLANG_WARN_NON_LITERAL_NULL_CONVERSION = YES;
				CLANG_WARN_OBJC_IMPLICIT_RETAIN_SELF = YES;
				CLANG_WARN_OBJC_LITERAL_CONVERSION = YES;
				CLANG_WARN_OBJC_ROOT_CLASS = YES_ERROR;
				CLANG_WARN_QUOTED_INCLUDE_IN_FRAMEWORK_HEADER = YES;
				CLANG_WARN_RANGE_LOOP_ANALYSIS = YES;
				CLANG_WARN_STRICT_PROTOTYPES = YES;
				CLANG_WARN_SUSPICIOUS_MOVE = YES;
				CLANG_WARN_UNGUARDED_AVAILABILITY = YES_AGGRESSIVE;
				CLANG_WARN_UNREACHABLE_CODE = YES;
				CLANG_WARN__DUPLICATE_METHOD_MATCH = YES;
				COPY_PHASE_STRIP = NO;
				DEBUG_INFORMATION_FORMAT = "dwarf-with-dsym";
				ENABLE_NS_ASSERTIONS = NO;
				ENABLE_STRICT_OBJC_MSGSEND = YES;
				ENABLE_USER_SCRIPT_SANDBOXING = NO;
				GCC_C_LANGUAGE_STANDARD = gnu17;
				GCC_NO_COMMON_BLOCKS = YES;
				GCC_WARN_64_TO_32_BIT_CONVERSION = YES;
				GCC_WARN_ABOUT_RETURN_TYPE = YES_ERROR;
				GCC_WARN_UNDECLARED_SELECTOR = YES;
				GCC_WARN_UNINITIALIZED_AUTOS = YES_AGGRESSIVE;
				GCC_WARN_UNUSED_FUNCTION = YES;
				GCC_WARN_UNUSED_VARIABLE = YES;
				IPHONEOS_DEPLOYMENT_TARGET = 18.2;
				LOCALIZATION_PREFERS_STRING_CATALOGS = YES;
				MTL_ENABLE_DEBUG_INFO = NO;
				MTL_FAST_MATH = YES;
				SDKROOT = iphoneos;
				SWIFT_COMPILATION_MODE = wholemodule;
				VALIDATE_PRODUCT = YES;
			};
			name = Release;
		};
		14FB6AFF2D333450001BB5FB /* Debug */ = {
			isa = XCBuildConfiguration;
			baseConfigurationReference = CD564F14F196786DE4AE9A9C /* Pods-HabitTracker.debug.xcconfig */;
			buildSettings = {
				ASSETCATALOG_COMPILER_APPICON_NAME = AppIcon;
				ASSETCATALOG_COMPILER_GLOBAL_ACCENT_COLOR_NAME = AccentColor;
				CODE_SIGN_STYLE = Automatic;
				CURRENT_PROJECT_VERSION = 1;
				DEVELOPMENT_ASSET_PATHS = "\"HabitTracker/Preview Content\"";
				DEVELOPMENT_TEAM = 2SS9FAQ8LA;
				ENABLE_PREVIEWS = YES;
				GENERATE_INFOPLIST_FILE = YES;
				INFOPLIST_FILE = HabitTracker/Info.plist;
				INFOPLIST_KEY_CFBundleDisplayName = "Habit Tracker";
				INFOPLIST_KEY_UIApplicationSceneManifest_Generation = YES;
				INFOPLIST_KEY_UIApplicationSupportsIndirectInputEvents = YES;
				INFOPLIST_KEY_UILaunchScreen_Generation = YES;
				INFOPLIST_KEY_UIStatusBarStyle = UIStatusBarStyleLightContent;
				INFOPLIST_KEY_UISupportedInterfaceOrientations = UIInterfaceOrientationPortrait;
				IPHONEOS_DEPLOYMENT_TARGET = 16;
				LD_RUNPATH_SEARCH_PATHS = (
					"$(inherited)",
					"@executable_path/Frameworks",
				);
				MARKETING_VERSION = 1.0;
				PRODUCT_BUNDLE_IDENTIFIER = com.MohanadRamadan.HabitTracker;
				PRODUCT_NAME = "$(TARGET_NAME)";
				SWIFT_EMIT_LOC_STRINGS = YES;
				SWIFT_VERSION = 5.0;
				TARGETED_DEVICE_FAMILY = "1,2";
			};
			name = Debug;
		};
		14FB6B002D333450001BB5FB /* Release */ = {
			isa = XCBuildConfiguration;
			baseConfigurationReference = 4F4CFCD9CAB03A7781937873 /* Pods-HabitTracker.release.xcconfig */;
			buildSettings = {
				ASSETCATALOG_COMPILER_APPICON_NAME = AppIcon;
				ASSETCATALOG_COMPILER_GLOBAL_ACCENT_COLOR_NAME = AccentColor;
				CODE_SIGN_STYLE = Automatic;
				CURRENT_PROJECT_VERSION = 1;
				DEVELOPMENT_ASSET_PATHS = "\"HabitTracker/Preview Content\"";
				DEVELOPMENT_TEAM = 2SS9FAQ8LA;
				ENABLE_PREVIEWS = YES;
				GENERATE_INFOPLIST_FILE = YES;
				INFOPLIST_FILE = HabitTracker/Info.plist;
				INFOPLIST_KEY_CFBundleDisplayName = "Habit Tracker";
				INFOPLIST_KEY_UIApplicationSceneManifest_Generation = YES;
				INFOPLIST_KEY_UIApplicationSupportsIndirectInputEvents = YES;
				INFOPLIST_KEY_UILaunchScreen_Generation = YES;
				INFOPLIST_KEY_UIStatusBarStyle = UIStatusBarStyleLightContent;
				INFOPLIST_KEY_UISupportedInterfaceOrientations = UIInterfaceOrientationPortrait;
				IPHONEOS_DEPLOYMENT_TARGET = 16;
				LD_RUNPATH_SEARCH_PATHS = (
					"$(inherited)",
					"@executable_path/Frameworks",
				);
				MARKETING_VERSION = 1.0;
				PRODUCT_BUNDLE_IDENTIFIER = com.MohanadRamadan.HabitTracker;
				PRODUCT_NAME = "$(TARGET_NAME)";
				SWIFT_EMIT_LOC_STRINGS = YES;
				SWIFT_VERSION = 5.0;
				TARGETED_DEVICE_FAMILY = "1,2";
			};
			name = Release;
		};
/* End XCBuildConfiguration section */

/* Begin XCConfigurationList section */
		14FB6AEB2D33344F001BB5FB /* Build configuration list for PBXProject "HabitTracker" */ = {
			isa = XCConfigurationList;
			buildConfigurations = (
				14FB6AFC2D333450001BB5FB /* Debug */,
				14FB6AFD2D333450001BB5FB /* Release */,
			);
			defaultConfigurationIsVisible = 0;
			defaultConfigurationName = Release;
		};
		14FB6AFE2D333450001BB5FB /* Build configuration list for PBXNativeTarget "HabitTracker" */ = {
			isa = XCConfigurationList;
			buildConfigurations = (
				14FB6AFF2D333450001BB5FB /* Debug */,
				14FB6B002D333450001BB5FB /* Release */,
			);
			defaultConfigurationIsVisible = 0;
			defaultConfigurationName = Release;
		};
/* End XCConfigurationList section */
	};
	rootObject = 14FB6AE82D33344F001BB5FB /* Project object */;
}
